
Microsoft Visual Studio Solution File, Format Version 12.00
# Visual Studio Version 17
VisualStudioVersion = 17.4.33213.308
MinimumVisualStudioVersion = 10.0.40219.1
Project("{9A19103F-16F7-4668-BE54-9A1E7A4F7556}") = "CreateLeads", "CreateLeads\CreateLeads.csproj", "{8BBCA01B-1535-4050-8858-12E257061E45}"
EndProject
Project("{9A19103F-16F7-4668-BE54-9A1E7A4F7556}") = "ManageCase", "ManageCase\ManageCase.csproj", "{5D45477A-B1F6-4CFA-AE92-CFA62DB563A6}"
EndProject
Project("{9A19103F-16F7-4668-BE54-9A1E7A4F7556}") = "DigiLead", "DigiLead\DigiLead.csproj", "{C796C6E9-518E-47EA-81DF-5136A0332712}"
EndProject
Project("{2150E333-8FDC-42A3-9474-1A3956D46DE8}") = "UnitTests", "UnitTests", "{F32B671C-C7E6-479E-B22D-1ABC6EEA48F0}"
EndProject
Project("{9A19103F-16F7-4668-BE54-9A1E7A4F7556}") = "DedupeDigiLead", "DedupeDigiLead\DedupeDigiLead.csproj", "{80C13C1A-6669-44FF-8389-6F85CC56ECF7}"
EndProject
Project("{9A19103F-16F7-4668-BE54-9A1E7A4F7556}") = "DigiLeadTestProject", "UnitTestProject\DigiLeadTestProject\DigiLeadTestProject.csproj", "{A71D22C6-C91C-4CDC-84D4-73B73B129E53}"
EndProject
Project("{9A19103F-16F7-4668-BE54-9A1E7A4F7556}") = "CRMConnect", "CRMConnect\CRMConnect.csproj", "{0C29B4DA-0BBB-4E7A-829B-BDD3F00844A4}"
EndProject
Project("{9A19103F-16F7-4668-BE54-9A1E7A4F7556}") = "CreateLeadsTestProject", "UnitTestProject\CreateLeadsTestProject\CreateLeadsTestProject.csproj", "{1F2A0271-4F14-429F-A2BD-76C8F1B9C34A}"
EndProject
Project("{9A19103F-16F7-4668-BE54-9A1E7A4F7556}") = "DedupeDigiLeadTestProject", "UnitTestProject\DedupeDigiLeadTestProject\DedupeDigiLeadTestProject.csproj", "{E984C0AF-3685-44B7-95E2-BE355AD20507}"
EndProject
Project("{9A19103F-16F7-4668-BE54-9A1E7A4F7556}") = "ManageCaseTestProject", "UnitTestProject\ManageCaseTestProject\ManageCaseTestProject.csproj", "{00B8FBDB-5349-4A81-956F-8C4C43A4F52C}"
EndProject
Project("{9A19103F-16F7-4668-BE54-9A1E7A4F7556}") = "DigiWiz", "DigiWiz\DigiWiz.csproj", "{76820FFB-625F-41CC-AB9C-E0831A37F9C3}"
EndProject
Project("{9A19103F-16F7-4668-BE54-9A1E7A4F7556}") = "DigiWizTestProject", "UnitTestProject\DigiWizTestProject\DigiWizTestProject.csproj", "{3C75152D-A4B9-44A1-96FE-2DB58351D03B}"
EndProject
Project("{9A19103F-16F7-4668-BE54-9A1E7A4F7556}") = "DigiCustLead", "DigiCustLead\DigiCustLead.csproj", "{AF176847-1F67-4D75-A631-9A9B6011467F}"
EndProject
Project("{9A19103F-16F7-4668-BE54-9A1E7A4F7556}") = "GFSProduct", "GFSProduct\GFSProduct.csproj", "{7B60E67C-9904-4CC9-ACC0-47E5DEFFF2F2}"
EndProject
Project("{9A19103F-16F7-4668-BE54-9A1E7A4F7556}") = "DMSCallBack", "DMSCallBack\DMSCallBack.csproj", "{86D82B5F-35E9-415B-ADD4-C05E999B3068}"
EndProject
Project("{9A19103F-16F7-4668-BE54-9A1E7A4F7556}") = "AccountLead", "AccountLead\AccountLead.csproj", "{EDAB9C52-853C-4CC5-9053-D22F997D14F1}"
EndProject
Project("{9A19103F-16F7-4668-BE54-9A1E7A4F7556}") = "FetchAccountLead", "FetchAccountLead\FetchAccountLead.csproj", "{0DF3891E-FB2B-4DBE-A880-F68266C94DF5}"
EndProject
Project("{9A19103F-16F7-4668-BE54-9A1E7A4F7556}") = "UpdateDigiAccountLead", "UpdateDigiAccountLead\UpdateDigiAccountLead.csproj", "{0D384323-FBA2-42F3-A75B-53D59DE3372C}"
EndProject
Project("{9A19103F-16F7-4668-BE54-9A1E7A4F7556}") = "GetDigiCustomerLead", "GetDigiCustomerLead\GetDigiCustomerLead.csproj", "{9E1F4439-266D-4A8F-8897-B9DCBC06D3D2}"
EndProject
Global
	GlobalSection(SolutionConfigurationPlatforms) = preSolution
		Debug|Any CPU = Debug|Any CPU
		Release|Any CPU = Release|Any CPU
	EndGlobalSection
	GlobalSection(ProjectConfigurationPlatforms) = postSolution
		{8BBCA01B-1535-4050-8858-12E257061E45}.Debug|Any CPU.ActiveCfg = Debug|Any CPU
		{8BBCA01B-1535-4050-8858-12E257061E45}.Debug|Any CPU.Build.0 = Debug|Any CPU
		{8BBCA01B-1535-4050-8858-12E257061E45}.Release|Any CPU.ActiveCfg = Release|Any CPU
		{8BBCA01B-1535-4050-8858-12E257061E45}.Release|Any CPU.Build.0 = Release|Any CPU
		{5D45477A-B1F6-4CFA-AE92-CFA62DB563A6}.Debug|Any CPU.ActiveCfg = Debug|Any CPU
		{5D45477A-B1F6-4CFA-AE92-CFA62DB563A6}.Debug|Any CPU.Build.0 = Debug|Any CPU
		{5D45477A-B1F6-4CFA-AE92-CFA62DB563A6}.Release|Any CPU.ActiveCfg = Release|Any CPU
		{5D45477A-B1F6-4CFA-AE92-CFA62DB563A6}.Release|Any CPU.Build.0 = Release|Any CPU
		{C796C6E9-518E-47EA-81DF-5136A0332712}.Debug|Any CPU.ActiveCfg = Debug|Any CPU
		{C796C6E9-518E-47EA-81DF-5136A0332712}.Debug|Any CPU.Build.0 = Debug|Any CPU
		{C796C6E9-518E-47EA-81DF-5136A0332712}.Release|Any CPU.ActiveCfg = Release|Any CPU
		{C796C6E9-518E-47EA-81DF-5136A0332712}.Release|Any CPU.Build.0 = Release|Any CPU
		{80C13C1A-6669-44FF-8389-6F85CC56ECF7}.Debug|Any CPU.ActiveCfg = Debug|Any CPU
		{80C13C1A-6669-44FF-8389-6F85CC56ECF7}.Debug|Any CPU.Build.0 = Debug|Any CPU
		{80C13C1A-6669-44FF-8389-6F85CC56ECF7}.Release|Any CPU.ActiveCfg = Release|Any CPU
		{80C13C1A-6669-44FF-8389-6F85CC56ECF7}.Release|Any CPU.Build.0 = Release|Any CPU
		{A71D22C6-C91C-4CDC-84D4-73B73B129E53}.Debug|Any CPU.ActiveCfg = Debug|Any CPU
		{A71D22C6-C91C-4CDC-84D4-73B73B129E53}.Debug|Any CPU.Build.0 = Debug|Any CPU
		{A71D22C6-C91C-4CDC-84D4-73B73B129E53}.Release|Any CPU.ActiveCfg = Release|Any CPU
		{A71D22C6-C91C-4CDC-84D4-73B73B129E53}.Release|Any CPU.Build.0 = Release|Any CPU
		{0C29B4DA-0BBB-4E7A-829B-BDD3F00844A4}.Debug|Any CPU.ActiveCfg = Debug|Any CPU
		{0C29B4DA-0BBB-4E7A-829B-BDD3F00844A4}.Debug|Any CPU.Build.0 = Debug|Any CPU
		{0C29B4DA-0BBB-4E7A-829B-BDD3F00844A4}.Release|Any CPU.ActiveCfg = Release|Any CPU
		{0C29B4DA-0BBB-4E7A-829B-BDD3F00844A4}.Release|Any CPU.Build.0 = Release|Any CPU
		{1F2A0271-4F14-429F-A2BD-76C8F1B9C34A}.Debug|Any CPU.ActiveCfg = Debug|Any CPU
		{1F2A0271-4F14-429F-A2BD-76C8F1B9C34A}.Debug|Any CPU.Build.0 = Debug|Any CPU
		{1F2A0271-4F14-429F-A2BD-76C8F1B9C34A}.Release|Any CPU.ActiveCfg = Release|Any CPU
		{1F2A0271-4F14-429F-A2BD-76C8F1B9C34A}.Release|Any CPU.Build.0 = Release|Any CPU
		{E984C0AF-3685-44B7-95E2-BE355AD20507}.Debug|Any CPU.ActiveCfg = Debug|Any CPU
		{E984C0AF-3685-44B7-95E2-BE355AD20507}.Debug|Any CPU.Build.0 = Debug|Any CPU
		{E984C0AF-3685-44B7-95E2-BE355AD20507}.Release|Any CPU.ActiveCfg = Release|Any CPU
		{E984C0AF-3685-44B7-95E2-BE355AD20507}.Release|Any CPU.Build.0 = Release|Any CPU
		{00B8FBDB-5349-4A81-956F-8C4C43A4F52C}.Debug|Any CPU.ActiveCfg = Debug|Any CPU
		{00B8FBDB-5349-4A81-956F-8C4C43A4F52C}.Debug|Any CPU.Build.0 = Debug|Any CPU
		{00B8FBDB-5349-4A81-956F-8C4C43A4F52C}.Release|Any CPU.ActiveCfg = Release|Any CPU
		{00B8FBDB-5349-4A81-956F-8C4C43A4F52C}.Release|Any CPU.Build.0 = Release|Any CPU
		{76820FFB-625F-41CC-AB9C-E0831A37F9C3}.Debug|Any CPU.ActiveCfg = Debug|Any CPU
		{76820FFB-625F-41CC-AB9C-E0831A37F9C3}.Debug|Any CPU.Build.0 = Debug|Any CPU
		{76820FFB-625F-41CC-AB9C-E0831A37F9C3}.Release|Any CPU.ActiveCfg = Release|Any CPU
		{76820FFB-625F-41CC-AB9C-E0831A37F9C3}.Release|Any CPU.Build.0 = Release|Any CPU
		{3C75152D-A4B9-44A1-96FE-2DB58351D03B}.Debug|Any CPU.ActiveCfg = Debug|Any CPU
		{3C75152D-A4B9-44A1-96FE-2DB58351D03B}.Debug|Any CPU.Build.0 = Debug|Any CPU
		{3C75152D-A4B9-44A1-96FE-2DB58351D03B}.Release|Any CPU.ActiveCfg = Release|Any CPU
		{3C75152D-A4B9-44A1-96FE-2DB58351D03B}.Release|Any CPU.Build.0 = Release|Any CPU
		{AF176847-1F67-4D75-A631-9A9B6011467F}.Debug|Any CPU.ActiveCfg = Debug|Any CPU
		{AF176847-1F67-4D75-A631-9A9B6011467F}.Debug|Any CPU.Build.0 = Debug|Any CPU
		{AF176847-1F67-4D75-A631-9A9B6011467F}.Release|Any CPU.ActiveCfg = Release|Any CPU
		{AF176847-1F67-4D75-A631-9A9B6011467F}.Release|Any CPU.Build.0 = Release|Any CPU
		{7B60E67C-9904-4CC9-ACC0-47E5DEFFF2F2}.Debug|Any CPU.ActiveCfg = Debug|Any CPU
		{7B60E67C-9904-4CC9-ACC0-47E5DEFFF2F2}.Debug|Any CPU.Build.0 = Debug|Any CPU
		{7B60E67C-9904-4CC9-ACC0-47E5DEFFF2F2}.Release|Any CPU.ActiveCfg = Release|Any CPU
		{7B60E67C-9904-4CC9-ACC0-47E5DEFFF2F2}.Release|Any CPU.Build.0 = Release|Any CPU
		{86D82B5F-35E9-415B-ADD4-C05E999B3068}.Debug|Any CPU.ActiveCfg = Debug|Any CPU
		{86D82B5F-35E9-415B-ADD4-C05E999B3068}.Debug|Any CPU.Build.0 = Debug|Any CPU
		{86D82B5F-35E9-415B-ADD4-C05E999B3068}.Release|Any CPU.ActiveCfg = Release|Any CPU
		{86D82B5F-35E9-415B-ADD4-C05E999B3068}.Release|Any CPU.Build.0 = Release|Any CPU
		{EDAB9C52-853C-4CC5-9053-D22F997D14F1}.Debug|Any CPU.ActiveCfg = Debug|Any CPU
		{EDAB9C52-853C-4CC5-9053-D22F997D14F1}.Debug|Any CPU.Build.0 = Debug|Any CPU
		{EDAB9C52-853C-4CC5-9053-D22F997D14F1}.Release|Any CPU.ActiveCfg = Release|Any CPU
		{EDAB9C52-853C-4CC5-9053-D22F997D14F1}.Release|Any CPU.Build.0 = Release|Any CPU
		{0DF3891E-FB2B-4DBE-A880-F68266C94DF5}.Debug|Any CPU.ActiveCfg = Debug|Any CPU
		{0DF3891E-FB2B-4DBE-A880-F68266C94DF5}.Debug|Any CPU.Build.0 = Debug|Any CPU
		{0DF3891E-FB2B-4DBE-A880-F68266C94DF5}.Release|Any CPU.ActiveCfg = Release|Any CPU
		{0DF3891E-FB2B-4DBE-A880-F68266C94DF5}.Release|Any CPU.Build.0 = Release|Any CPU
		{0D384323-FBA2-42F3-A75B-53D59DE3372C}.Debug|Any CPU.ActiveCfg = Debug|Any CPU
		{0D384323-FBA2-42F3-A75B-53D59DE3372C}.Debug|Any CPU.Build.0 = Debug|Any CPU
		{0D384323-FBA2-42F3-A75B-53D59DE3372C}.Release|Any CPU.ActiveCfg = Release|Any CPU
		{0D384323-FBA2-42F3-A75B-53D59DE3372C}.Release|Any CPU.Build.0 = Release|Any CPU
		{9E1F4439-266D-4A8F-8897-B9DCBC06D3D2}.Debug|Any CPU.ActiveCfg = Debug|Any CPU
		{9E1F4439-266D-4A8F-8897-B9DCBC06D3D2}.Debug|Any CPU.Build.0 = Debug|Any CPU
		{9E1F4439-266D-4A8F-8897-B9DCBC06D3D2}.Release|Any CPU.ActiveCfg = Release|Any CPU
		{9E1F4439-266D-4A8F-8897-B9DCBC06D3D2}.Release|Any CPU.Build.0 = Release|Any CPU
	EndGlobalSection
	GlobalSection(SolutionProperties) = preSolution
		HideSolutionNode = FALSE
	EndGlobalSection
	GlobalSection(NestedProjects) = preSolution
		{A71D22C6-C91C-4CDC-84D4-73B73B129E53} = {F32B671C-C7E6-479E-B22D-1ABC6EEA48F0}
		{1F2A0271-4F14-429F-A2BD-76C8F1B9C34A} = {F32B671C-C7E6-479E-B22D-1ABC6EEA48F0}
		{E984C0AF-3685-44B7-95E2-BE355AD20507} = {F32B671C-C7E6-479E-B22D-1ABC6EEA48F0}
		{00B8FBDB-5349-4A81-956F-8C4C43A4F52C} = {F32B671C-C7E6-479E-B22D-1ABC6EEA48F0}
		{3C75152D-A4B9-44A1-96FE-2DB58351D03B} = {F32B671C-C7E6-479E-B22D-1ABC6EEA48F0}
	EndGlobalSection
	GlobalSection(ExtensibilityGlobals) = postSolution
		SolutionGuid = {5C2B7F2D-09F9-4662-B95E-9D1E0435915A}
	EndGlobalSection
EndGlobal
