
Microsoft Visual Studio Solution File, Format Version 12.00
# Visual Studio Version 17
VisualStudioVersion = 17.4.33213.308
MinimumVisualStudioVersion = 10.0.40219.1
Project("{9A19103F-16F7-4668-BE54-9A1E7A4F7556}") = "CreateLeads", "CreateLeads\CreateLeads.csproj", "{8BBCA01B-1535-4050-8858-12E257061E45}"
EndProject
Project("{9A19103F-16F7-4668-BE54-9A1E7A4F7556}") = "ManageCase", "ManageCase\ManageCase.csproj", "{5D45477A-B1F6-4CFA-AE92-CFA62DB563A6}"
EndProject
Global
	GlobalSection(SolutionConfigurationPlatforms) = preSolution
		Debug|Any CPU = Debug|Any CPU
		Release|Any CPU = Release|Any CPU
	EndGlobalSection
	GlobalSection(ProjectConfigurationPlatforms) = postSolution
		{8BBCA01B-1535-4050-8858-12E257061E45}.Debug|Any CPU.ActiveCfg = Debug|Any CPU
		{8BBCA01B-1535-4050-8858-12E257061E45}.Debug|Any CPU.Build.0 = Debug|Any CPU
		{8BBCA01B-1535-4050-8858-12E257061E45}.Release|Any CPU.ActiveCfg = Release|Any CPU
		{8BBCA01B-1535-4050-8858-12E257061E45}.Release|Any CPU.Build.0 = Release|Any CPU
		{5D45477A-B1F6-4CFA-AE92-CFA62DB563A6}.Debug|Any CPU.ActiveCfg = Debug|Any CPU
		{5D45477A-B1F6-4CFA-AE92-CFA62DB563A6}.Debug|Any CPU.Build.0 = Debug|Any CPU
		{5D45477A-B1F6-4CFA-AE92-CFA62DB563A6}.Release|Any CPU.ActiveCfg = Release|Any CPU
		{5D45477A-B1F6-4CFA-AE92-CFA62DB563A6}.Release|Any CPU.Build.0 = Release|Any CPU
	EndGlobalSection
	GlobalSection(SolutionProperties) = preSolution
		HideSolutionNode = FALSE
	EndGlobalSection
	GlobalSection(ExtensibilityGlobals) = postSolution
		SolutionGuid = {5C2B7F2D-09F9-4662-B95E-9D1E0435915A}
	EndGlobalSection
EndGlobal
