
Microsoft Visual Studio Solution File, Format Version 12.00
# Visual Studio Version 17
VisualStudioVersion = 17.4.33213.308
MinimumVisualStudioVersion = 10.0.40219.1
Project("{9A19103F-16F7-4668-BE54-9A1E7A4F7556}") = "CreateLeads", "CreateLeads\CreateLeads.csproj", "{8BBCA01B-1535-4050-8858-12E257061E45}"
EndProject
Project("{9A19103F-16F7-4668-BE54-9A1E7A4F7556}") = "ManageCase", "ManageCase\ManageCase.csproj", "{5D45477A-B1F6-4CFA-AE92-CFA62DB563A6}"
EndProject
Project("{9A19103F-16F7-4668-BE54-9A1E7A4F7556}") = "DigiLead", "DigiLead\DigiLead.csproj", "{C796C6E9-518E-47EA-81DF-5136A0332712}"
EndProject
Project("{2150E333-8FDC-42A3-9474-1A3956D46DE8}") = "UnitTests", "UnitTests", "{F32B671C-C7E6-479E-B22D-1ABC6EEA48F0}"
EndProject
Project("{9A19103F-16F7-4668-BE54-9A1E7A4F7556}") = "DedupeDigiLead", "DedupeDigiLead\DedupeDigiLead.csproj", "{80C13C1A-6669-44FF-8389-6F85CC56ECF7}"
EndProject
Project("{9A19103F-16F7-4668-BE54-9A1E7A4F7556}") = "DigiLeadTestProject", "UnitTestProject\DigiLeadTestProject\DigiLeadTestProject.csproj", "{A71D22C6-C91C-4CDC-84D4-73B73B129E53}"
EndProject
Project("{FAE04EC0-301F-11D3-BF4B-00C04F79EFBC}") = "CRMConnect", "CRMConnect\CRMConnect.csproj", "{0C29B4DA-0BBB-4E7A-829B-BDD3F00844A4}"
EndProject
Global
	GlobalSection(SolutionConfigurationPlatforms) = preSolution
		Debug|Any CPU = Debug|Any CPU
		Release|Any CPU = Release|Any CPU
	EndGlobalSection
	GlobalSection(ProjectConfigurationPlatforms) = postSolution
		{8BBCA01B-1535-4050-8858-12E257061E45}.Debug|Any CPU.ActiveCfg = Debug|Any CPU
		{8BBCA01B-1535-4050-8858-12E257061E45}.Debug|Any CPU.Build.0 = Debug|Any CPU
		{8BBCA01B-1535-4050-8858-12E257061E45}.Release|Any CPU.ActiveCfg = Release|Any CPU
		{8BBCA01B-1535-4050-8858-12E257061E45}.Release|Any CPU.Build.0 = Release|Any CPU
		{5D45477A-B1F6-4CFA-AE92-CFA62DB563A6}.Debug|Any CPU.ActiveCfg = Debug|Any CPU
		{5D45477A-B1F6-4CFA-AE92-CFA62DB563A6}.Debug|Any CPU.Build.0 = Debug|Any CPU
		{5D45477A-B1F6-4CFA-AE92-CFA62DB563A6}.Release|Any CPU.ActiveCfg = Release|Any CPU
		{5D45477A-B1F6-4CFA-AE92-CFA62DB563A6}.Release|Any CPU.Build.0 = Release|Any CPU
		{C796C6E9-518E-47EA-81DF-5136A0332712}.Debug|Any CPU.ActiveCfg = Debug|Any CPU
		{C796C6E9-518E-47EA-81DF-5136A0332712}.Debug|Any CPU.Build.0 = Debug|Any CPU
		{C796C6E9-518E-47EA-81DF-5136A0332712}.Release|Any CPU.ActiveCfg = Release|Any CPU
		{C796C6E9-518E-47EA-81DF-5136A0332712}.Release|Any CPU.Build.0 = Release|Any CPU
		{80C13C1A-6669-44FF-8389-6F85CC56ECF7}.Debug|Any CPU.ActiveCfg = Debug|Any CPU
		{80C13C1A-6669-44FF-8389-6F85CC56ECF7}.Debug|Any CPU.Build.0 = Debug|Any CPU
		{80C13C1A-6669-44FF-8389-6F85CC56ECF7}.Release|Any CPU.ActiveCfg = Release|Any CPU
		{80C13C1A-6669-44FF-8389-6F85CC56ECF7}.Release|Any CPU.Build.0 = Release|Any CPU
		{A71D22C6-C91C-4CDC-84D4-73B73B129E53}.Debug|Any CPU.ActiveCfg = Debug|Any CPU
		{A71D22C6-C91C-4CDC-84D4-73B73B129E53}.Debug|Any CPU.Build.0 = Debug|Any CPU
		{A71D22C6-C91C-4CDC-84D4-73B73B129E53}.Release|Any CPU.ActiveCfg = Release|Any CPU
		{A71D22C6-C91C-4CDC-84D4-73B73B129E53}.Release|Any CPU.Build.0 = Release|Any CPU
		{0C29B4DA-0BBB-4E7A-829B-BDD3F00844A4}.Debug|Any CPU.ActiveCfg = Debug|Any CPU
		{0C29B4DA-0BBB-4E7A-829B-BDD3F00844A4}.Debug|Any CPU.Build.0 = Debug|Any CPU
		{0C29B4DA-0BBB-4E7A-829B-BDD3F00844A4}.Release|Any CPU.ActiveCfg = Release|Any CPU
		{0C29B4DA-0BBB-4E7A-829B-BDD3F00844A4}.Release|Any CPU.Build.0 = Release|Any CPU
	EndGlobalSection
	GlobalSection(SolutionProperties) = preSolution
		HideSolutionNode = FALSE
	EndGlobalSection
	GlobalSection(NestedProjects) = preSolution
		{A71D22C6-C91C-4CDC-84D4-73B73B129E53} = {F32B671C-C7E6-479E-B22D-1ABC6EEA48F0}
	EndGlobalSection
	GlobalSection(ExtensibilityGlobals) = postSolution
		SolutionGuid = {5C2B7F2D-09F9-4662-B95E-9D1E0435915A}
	EndGlobalSection
EndGlobal
